// !$*UTF8*$!
{
	archiveVersion = 1;
	classes = {
	};
	objectVersion = 48;
	objects = {

/* Begin PBXBuildFile section */
		ACDCCAF0204EE84100335024 /* AppDelegate.m in Sources */ = {isa = PBXBuildFile; fileRef = ACDCCAEF204EE84100335024 /* AppDelegate.m */; };
		ACDCCAF3204EE84100335024 /* ViewController.m in Sources */ = {isa = PBXBuildFile; fileRef = ACDCCAF2204EE84100335024 /* ViewController.m */; };
		ACDCCAF6204EE84100335024 /* Main.storyboard in Resources */ = {isa = PBXBuildFile; fileRef = ACDCCAF4204EE84100335024 /* Main.storyboard */; };
		ACDCCAF8204EE84100335024 /* Assets.xcassets in Resources */ = {isa = PBXBuildFile; fileRef = ACDCCAF7204EE84100335024 /* Assets.xcassets */; };
		ACDCCAFB204EE84100335024 /* LaunchScreen.storyboard in Resources */ = {isa = PBXBuildFile; fileRef = ACDCCAF9204EE84100335024 /* LaunchScreen.storyboard */; };
		ACDCCAFE204EE84100335024 /* main.m in Sources */ = {isa = PBXBuildFile; fileRef = ACDCCAFD204EE84100335024 /* main.m */; };
/* End PBXBuildFile section */

/* Begin PBXFileReference section */
		ACDCCAEB204EE84100335024 /* RSSNewsReader.app */ = {isa = PBXFileReference; explicitFileType = wrapper.application; includeInIndex = 0; path = RSSNewsReader.app; sourceTree = BUILT_PRODUCTS_DIR; };
		ACDCCAEE204EE84100335024 /* AppDelegate.h */ = {isa = PBXFileReference; lastKnownFileType = sourcecode.c.h; path = AppDelegate.h; sourceTree = "<group>"; };
		ACDCCAEF204EE84100335024 /* AppDelegate.m */ = {isa = PBXFileReference; lastKnownFileType = sourcecode.c.objc; path = AppDelegate.m; sourceTree = "<group>"; };
		ACDCCAF1204EE84100335024 /* ViewController.h */ = {isa = PBXFileReference; lastKnownFileType = sourcecode.c.h; path = ViewController.h; sourceTree = "<group>"; };
		ACDCCAF2204EE84100335024 /* ViewController.m */ = {isa = PBXFileReference; lastKnownFileType = sourcecode.c.objc; path = ViewController.m; sourceTree = "<group>"; };
		ACDCCAF5204EE84100335024 /* Base */ = {isa = PBXFileReference; lastKnownFileType = file.storyboard; name = Base; path = Base.lproj/Main.storyboard; sourceTree = "<group>"; };
		ACDCCAF7204EE84100335024 /* Assets.xcassets */ = {isa = PBXFileReference; lastKnownFileType = folder.assetcatalog; path = Assets.xcassets; sourceTree = "<group>"; };
		ACDCCAFA204EE84100335024 /* Base */ = {isa = PBXFileReference; lastKnownFileType = file.storyboard; name = Base; path = Base.lproj/LaunchScreen.storyboard; sourceTree = "<group>"; };
		ACDCCAFC204EE84100335024 /* Info.plist */ = {isa = PBXFileReference; lastKnownFileType = text.plist.xml; path = Info.plist; sourceTree = "<group>"; };
		ACDCCAFD204EE84100335024 /* main.m */ = {isa = PBXFileReference; lastKnownFileType = sourcecode.c.objc; path = main.m; sourceTree = "<group>"; };
/* End PBXFileReference section */

/* Begin PBXFrameworksBuildPhase section */
		ACDCCAE8204EE84100335024 /* Frameworks */ = {
			isa = PBXFrameworksBuildPhase;
			buildActionMask = 2147483647;
			files = (
			);
			runOnlyForDeploymentPostprocessing = 0;
		};
/* End PBXFrameworksBuildPhase section */

/* Begin PBXGroup section */
		ACDCCAE2204EE84100335024 = {
			isa = PBXGroup;
			children = (
				ACDCCAED204EE84100335024 /* RSSNewsReader */,
				ACDCCAEC204EE84100335024 /* Products */,
			);
			sourceTree = "<group>";
		};
		ACDCCAEC204EE84100335024 /* Products */ = {
			isa = PBXGroup;
			children = (
				ACDCCAEB204EE84100335024 /* RSSNewsReader.app */,
			);
			name = Products;
			sourceTree = "<group>";
		};
		ACDCCAED204EE84100335024 /* RSSNewsReader */ = {
			isa = PBXGroup;
			children = (
				ACDCCAEE204EE84100335024 /* AppDelegate.h */,
				ACDCCAEF204EE84100335024 /* AppDelegate.m */,
				ACDCCAF1204EE84100335024 /* ViewController.h */,
				ACDCCAF2204EE84100335024 /* ViewController.m */,
				ACDCCAF4204EE84100335024 /* Main.storyboard */,
				ACDCCAF7204EE84100335024 /* Assets.xcassets */,
				ACDCCAF9204EE84100335024 /* LaunchScreen.storyboard */,
				ACDCCAFC204EE84100335024 /* Info.plist */,
				ACDCCAFD204EE84100335024 /* main.m */,
			);
			path = RSSNewsReader;
			sourceTree = "<group>";
		};
/* End PBXGroup section */

/* Begin PBXNativeTarget section */
		ACDCCAEA204EE84100335024 /* RSSNewsReader */ = {
			isa = PBXNativeTarget;
			buildConfigurationList = ACDCCB01204EE84100335024 /* Build configuration list for PBXNativeTarget "RSSNewsReader" */;
			buildPhases = (
				ACDCCAE7204EE84100335024 /* Sources */,
				ACDCCAE8204EE84100335024 /* Frameworks */,
				ACDCCAE9204EE84100335024 /* Resources */,
			);
			buildRules = (
			);
			dependencies = (
			);
			name = RSSNewsReader;
			productName = RSSNewsReader;
			productReference = ACDCCAEB204EE84100335024 /* RSSNewsReader.app */;
			productType = "com.apple.product-type.application";
		};
/* End PBXNativeTarget section */

/* Begin PBXProject section */
		ACDCCAE3204EE84100335024 /* Project object */ = {
			isa = PBXProject;
			attributes = {
				LastUpgradeCheck = 0920;
				ORGANIZATIONNAME = "Guest User";
				TargetAttributes = {
					ACDCCAEA204EE84100335024 = {
						CreatedOnToolsVersion = 9.2;
						ProvisioningStyle = Automatic;
					};
				};
			};
			buildConfigurationList = ACDCCAE6204EE84100335024 /* Build configuration list for PBXProject "RSSNewsReader" */;
			compatibilityVersion = "Xcode 8.0";
			developmentRegion = en;
			hasScannedForEncodings = 0;
			knownRegions = (
				en,
				Base,
			);
			mainGroup = ACDCCAE2204EE84100335024;
			productRefGroup = ACDCCAEC204EE84100335024 /* Products */;
			projectDirPath = "";
			projectRoot = "";
			targets = (
				ACDCCAEA204EE84100335024 /* RSSNewsReader */,
			);
		};
/* End PBXProject section */

/* Begin PBXResourcesBuildPhase section */
		ACDCCAE9204EE84100335024 /* Resources */ = {
			isa = PBXResourcesBuildPhase;
			buildActionMask = 2147483647;
			files = (
				ACDCCAFB204EE84100335024 /* LaunchScreen.storyboard in Resources */,
				ACDCCAF8204EE84100335024 /* Assets.xcassets in Resources */,
				ACDCCAF6204EE84100335024 /* Main.storyboard in Resources */,
			);
			runOnlyForDeploymentPostprocessing = 0;
		};
/* End PBXResourcesBuildPhase section */

/* Begin PBXSourcesBuildPhase section */
		ACDCCAE7204EE84100335024 /* Sources */ = {
			isa = PBXSourcesBuildPhase;
			buildActionMask = 2147483647;
			files = (
				ACDCCAF3204EE84100335024 /* ViewController.m in Sources */,
				ACDCCAFE204EE84100335024 /* main.m in Sources */,
				ACDCCAF0204EE84100335024 /* AppDelegate.m in Sources */,
			);
			runOnlyForDeploymentPostprocessing = 0;
		};
/* End PBXSourcesBuildPhase section */

/* Begin PBXVariantGroup section */
		ACDCCAF4204EE84100335024 /* Main.storyboard */ = {
			isa = PBXVariantGroup;
			children = (
				ACDCCAF5204EE84100335024 /* Base */,
			);
			name = Main.storyboard;
			sourceTree = "<group>";
		};
		ACDCCAF9204EE84100335024 /* LaunchScreen.storyboard */ = {
			isa = PBXVariantGroup;
			children = (
				ACDCCAFA204EE84100335024 /* Base */,
			);
			name = LaunchScreen.storyboard;
			sourceTree = "<group>";
		};
/* End PBXVariantGroup section */

/* Begin XCBuildConfiguration section */
		ACDCCAFF204EE84100335024 /* Debug */ = {
			isa = XCBuildConfiguration;
			buildSettings = {
				ALWAYS_SEARCH_USER_PATHS = NO;
				CLANG_ANALYZER_NONNULL = YES;
				CLANG_ANALYZER_NUMBER_OBJECT_CONVERSION = YES_AGGRESSIVE;
				CLANG_CXX_LANGUAGE_STANDARD = "gnu++14";
				CLANG_CXX_LIBRARY = "libc++";
				CLANG_ENABLE_MODULES = YES;
				CLANG_ENABLE_OBJC_ARC = YES;
				CLANG_WARN_BLOCK_CAPTURE_AUTORELEASING = YES;
				CLANG_WARN_BOOL_CONVERSION = YES;
				CLANG_WARN_COMMA = YES;
				CLANG_WARN_CONSTANT_CONVERSION = YES;
				CLANG_WARN_DIRECT_OBJC_ISA_USAGE = YES_ERROR;
				CLANG_WARN_DOCUMENTATION_COMMENTS = YES;
				CLANG_WARN_EMPTY_BODY = YES;
				CLANG_WARN_ENUM_CONVERSION = YES;
				CLANG_WARN_INFINITE_RECURSION = YES;
				CLANG_WARN_INT_CONVERSION = YES;
				CLANG_WARN_NON_LITERAL_NULL_CONVERSION = YES;
				CLANG_WARN_OBJC_LITERAL_CONVERSION = YES;
				CLANG_WARN_OBJC_ROOT_CLASS = YES_ERROR;
				CLANG_WARN_RANGE_LOOP_ANALYSIS = YES;
				CLANG_WARN_STRICT_PROTOTYPES = YES;
				CLANG_WARN_SUSPICIOUS_MOVE = YES;
				CLANG_WARN_UNGUARDED_AVAILABILITY = YES_AGGRESSIVE;
				CLANG_WARN_UNREACHABLE_CODE = YES;
				CLANG_WARN__DUPLICATE_METHOD_MATCH = YES;
				CODE_SIGN_IDENTITY = "iPhone Developer";
				COPY_PHASE_STRIP = NO;
				DEBUG_INFORMATION_FORMAT = dwarf;
				ENABLE_STRICT_OBJC_MSGSEND = YES;
				ENABLE_TESTABILITY = YES;
				GCC_C_LANGUAGE_STANDARD = gnu11;
				GCC_DYNAMIC_NO_PIC = NO;
				GCC_NO_COMMON_BLOCKS = YES;
				GCC_OPTIMIZATION_LEVEL = 0;
				GCC_PREPROCESSOR_DEFINITIONS = (
					"DEBUG=1",
					"$(inherited)",
				);
				GCC_WARN_64_TO_32_BIT_CONVERSION = YES;
				GCC_WARN_ABOUT_RETURN_TYPE = YES_ERROR;
				GCC_WARN_UNDECLARED_SELECTOR = YES;
				GCC_WARN_UNINITIALIZED_AUTOS = YES_AGGRESSIVE;
				GCC_WARN_UNUSED_FUNCTION = YES;
				GCC_WARN_UNUSED_VARIABLE = YES;
				IPHONEOS_DEPLOYMENT_TARGET = 11.2;
				MTL_ENABLE_DEBUG_INFO = YES;
				ONLY_ACTIVE_ARCH = YES;
				SDKROOT = iphoneos;
			};
			name = Debug;
		};
		ACDCCB00204EE84100335024 /* Release */ = {
			isa = XCBuildConfiguration;
			buildSettings = {
				ALWAYS_SEARCH_USER_PATHS = NO;
				CLANG_ANALYZER_NONNULL = YES;
				CLANG_ANALYZER_NUMBER_OBJECT_CONVERSION = YES_AGGRESSIVE;
				CLANG_CXX_LANGUAGE_STANDARD = "gnu++14";
				CLANG_CXX_LIBRARY = "libc++";
				CLANG_ENABLE_MODULES = YES;
				CLANG_ENABLE_OBJC_ARC = YES;
				CLANG_WARN_BLOCK_CAPTURE_AUTORELEASING = YES;
				CLANG_WARN_BOOL_CONVERSION = YES;
				CLANG_WARN_COMMA = YES;
				CLANG_WARN_CONSTANT_CONVERSION = YES;
				CLANG_WARN_DIRECT_OBJC_ISA_USAGE = YES_ERROR;
				CLANG_WARN_DOCUMENTATION_COMMENTS = YES;
				CLANG_WARN_EMPTY_BODY = YES;
				CLANG_WARN_ENUM_CONVERSION = YES;
				CLANG_WARN_INFINITE_RECURSION = YES;
				CLANG_WARN_INT_CONVERSION = YES;
				CLANG_WARN_NON_LITERAL_NULL_CONVERSION = YES;
				CLANG_WARN_OBJC_LITERAL_CONVERSION = YES;
				CLANG_WARN_OBJC_ROOT_CLASS = YES_ERROR;
				CLANG_WARN_RANGE_LOOP_ANALYSIS = YES;
				CLANG_WARN_STRICT_PROTOTYPES = YES;
				CLANG_WARN_SUSPICIOUS_MOVE = YES;
				CLANG_WARN_UNGUARDED_AVAILABILITY = YES_AGGRESSIVE;
				CLANG_WARN_UNREACHABLE_CODE = YES;
				CLANG_WARN__DUPLICATE_METHOD_MATCH = YES;
				CODE_SIGN_IDENTITY = "iPhone Developer";
				COPY_PHASE_STRIP = NO;
				DEBUG_INFORMATION_FORMAT = "dwarf-with-dsym";
				ENABLE_NS_ASSERTIONS = NO;
				ENABLE_STRICT_OBJC_MSGSEND = YES;
				GCC_C_LANGUAGE_STANDARD = gnu11;
				GCC_NO_COMMON_BLOCKS = YES;
				GCC_WARN_64_TO_32_BIT_CONVERSION = YES;
				GCC_WARN_ABOUT_RETURN_TYPE = YES_ERROR;
				GCC_WARN_UNDECLARED_SELECTOR = YES;
				GCC_WARN_UNINITIALIZED_AUTOS = YES_AGGRESSIVE;
				GCC_WARN_UNUSED_FUNCTION = YES;
				GCC_WARN_UNUSED_VARIABLE = YES;
				IPHONEOS_DEPLOYMENT_TARGET = 11.2;
				MTL_ENABLE_DEBUG_INFO = NO;
				SDKROOT = iphoneos;
				VALIDATE_PRODUCT = YES;
			};
			name = Release;
		};
		ACDCCB02204EE84100335024 /* Debug */ = {
			isa = XCBuildConfiguration;
			buildSettings = {
				ASSETCATALOG_COMPILER_APPICON_NAME = AppIcon;
				CODE_SIGN_STYLE = Automatic;
				INFOPLIST_FILE = RSSNewsReader/Info.plist;
				LD_RUNPATH_SEARCH_PATHS = "$(inherited) @executable_path/Frameworks";
				PRODUCT_BUNDLE_IDENTIFIER = com.company.RSSNewsReader;
				PRODUCT_NAME = "$(TARGET_NAME)";
				TARGETED_DEVICE_FAMILY = "1,2";
			};
			name = Debug;
		};
		ACDCCB03204EE84100335024 /* Release */ = {
			isa = XCBuildConfiguration;
			buildSettings = {
				ASSETCATALOG_COMPILER_APPICON_NAME = AppIcon;
				CODE_SIGN_STYLE = Automatic;
				INFOPLIST_FILE = RSSNewsReader/Info.plist;
				LD_RUNPATH_SEARCH_PATHS = "$(inherited) @executable_path/Frameworks";
				PRODUCT_BUNDLE_IDENTIFIER = com.company.RSSNewsReader;
				PRODUCT_NAME = "$(TARGET_NAME)";
				TARGETED_DEVICE_FAMILY = "1,2";
			};
			name = Release;
		};
/* End XCBuildConfiguration section */

/* Begin XCConfigurationList section */
		ACDCCAE6204EE84100335024 /* Build configuration list for PBXProject "RSSNewsReader" */ = {
			isa = XCConfigurationList;
			buildConfigurations = (
				ACDCCAFF204EE84100335024 /* Debug */,
				ACDCCB00204EE84100335024 /* Release */,
			);
			defaultConfigurationIsVisible = 0;
			defaultConfigurationName = Release;
		};
		ACDCCB01204EE84100335024 /* Build configuration list for PBXNativeTarget "RSSNewsReader" */ = {
			isa = XCConfigurationList;
			buildConfigurations = (
				ACDCCB02204EE84100335024 /* Debug */,
				ACDCCB03204EE84100335024 /* Release */,
			);
			defaultConfigurationIsVisible = 0;
			defaultConfigurationName = Release;
		};
/* End XCConfigurationList section */
	};
	rootObject = ACDCCAE3204EE84100335024 /* Project object */;
}
